
Microsoft Visual Studio Solution File, Format Version 12.00
# Visual Studio 15
VisualStudioVersion = 15.0.28307.1062
MinimumVisualStudioVersion = 10.0.40219.1
Project("{888888A0-9F3D-457C-B088-3A5042F75D52}") = "Bot_3", "Bot_3\Bot_3.pyproj", "{4E488444-E90D-4D54-8FFC-DC6B45D20A28}"
EndProject
Global
	GlobalSection(SolutionConfigurationPlatforms) = preSolution
		Debug|Any CPU = Debug|Any CPU
		Release|Any CPU = Release|Any CPU
	EndGlobalSection
	GlobalSection(ProjectConfigurationPlatforms) = postSolution
		{4E488444-E90D-4D54-8FFC-DC6B45D20A28}.Debug|Any CPU.ActiveCfg = Debug|Any CPU
		{4E488444-E90D-4D54-8FFC-DC6B45D20A28}.Release|Any CPU.ActiveCfg = Release|Any CPU
	EndGlobalSection
	GlobalSection(SolutionProperties) = preSolution
		HideSolutionNode = FALSE
	EndGlobalSection
	GlobalSection(ExtensibilityGlobals) = postSolution
		SolutionGuid = {4151E192-AECA-4495-8317-F0FA25EE75F5}
	EndGlobalSection
EndGlobal
